// !$*UTF8*$!
{
	archiveVersion = 1;
	classes = {
	};
	objectVersion = 56;
	objects = {

/* Begin PBXBuildFile section */
		981B1B412A2574610038929A /* SearchBar.swift in Sources */ = {isa = PBXBuildFile; fileRef = 981B1B402A2574610038929A /* SearchBar.swift */; };
		985675472A30040A008E982F /* LandingTabView.swift in Sources */ = {isa = PBXBuildFile; fileRef = 985675462A30040A008E982F /* LandingTabView.swift */; };
		986C25102A25450E0022E7DB /* AnnouncementAppApp.swift in Sources */ = {isa = PBXBuildFile; fileRef = 986C250F2A25450E0022E7DB /* AnnouncementAppApp.swift */; };
		986C25122A25450E0022E7DB /* ContentView.swift in Sources */ = {isa = PBXBuildFile; fileRef = 986C25112A25450E0022E7DB /* ContentView.swift */; };
		986C25142A2545110022E7DB /* Assets.xcassets in Resources */ = {isa = PBXBuildFile; fileRef = 986C25132A2545110022E7DB /* Assets.xcassets */; };
		986C25172A2545110022E7DB /* Preview Assets.xcassets in Resources */ = {isa = PBXBuildFile; fileRef = 986C25162A2545110022E7DB /* Preview Assets.xcassets */; };
		986C251C2A2545110022E7DB /* AnnouncementApp.xcdatamodeld in Sources */ = {isa = PBXBuildFile; fileRef = 986C251A2A2545110022E7DB /* AnnouncementApp.xcdatamodeld */; };
		986C25232A2545EB0022E7DB /* SignInEmailView.swift in Sources */ = {isa = PBXBuildFile; fileRef = 986C25222A2545EB0022E7DB /* SignInEmailView.swift */; };
		986C25252A25460A0022E7DB /* SettingsView.swift in Sources */ = {isa = PBXBuildFile; fileRef = 986C25242A25460A0022E7DB /* SettingsView.swift */; };
		986C25272A2546840022E7DB /* MessagesListView.swift in Sources */ = {isa = PBXBuildFile; fileRef = 986C25262A2546840022E7DB /* MessagesListView.swift */; };
		986C252B2A2546DC0022E7DB /* CreateMessageView.swift in Sources */ = {isa = PBXBuildFile; fileRef = 986C252A2A2546DC0022E7DB /* CreateMessageView.swift */; };
		986C252D2A2546F70022E7DB /* UserManager.swift in Sources */ = {isa = PBXBuildFile; fileRef = 986C252C2A2546F70022E7DB /* UserManager.swift */; };
		986C252F2A25470F0022E7DB /* MessageManager.swift in Sources */ = {isa = PBXBuildFile; fileRef = 986C252E2A25470F0022E7DB /* MessageManager.swift */; };
		986C25312A2547280022E7DB /* AuthenticationManager.swift in Sources */ = {isa = PBXBuildFile; fileRef = 986C25302A2547280022E7DB /* AuthenticationManager.swift */; };
		986C25332A25473D0022E7DB /* Colour.swift in Sources */ = {isa = PBXBuildFile; fileRef = 986C25322A25473D0022E7DB /* Colour.swift */; };
		986C25382A2549390022E7DB /* FirebaseAuth in Frameworks */ = {isa = PBXBuildFile; productRef = 986C25372A2549390022E7DB /* FirebaseAuth */; };
		986C253A2A2549390022E7DB /* FirebaseDatabase in Frameworks */ = {isa = PBXBuildFile; productRef = 986C25392A2549390022E7DB /* FirebaseDatabase */; };
		986C253C2A2549390022E7DB /* FirebaseDatabaseSwift in Frameworks */ = {isa = PBXBuildFile; productRef = 986C253B2A2549390022E7DB /* FirebaseDatabaseSwift */; };
		986C253E2A2549390022E7DB /* FirebaseFirestore in Frameworks */ = {isa = PBXBuildFile; productRef = 986C253D2A2549390022E7DB /* FirebaseFirestore */; };
		986C25402A2549390022E7DB /* FirebaseFirestoreSwift in Frameworks */ = {isa = PBXBuildFile; productRef = 986C253F2A2549390022E7DB /* FirebaseFirestoreSwift */; };
		98C232DA2A46952E0086A665 /* Persistence.swift in Sources */ = {isa = PBXBuildFile; fileRef = 98C232D92A46952E0086A665 /* Persistence.swift */; };
		98CF55772A35545E00E8F1C8 /* ProfanityManager.swift in Sources */ = {isa = PBXBuildFile; fileRef = 98CF55762A35545E00E8F1C8 /* ProfanityManager.swift */; };
		98CF55792A356B3300E8F1C8 /* GoogleList.csv in Resources */ = {isa = PBXBuildFile; fileRef = 98CF55782A356B3300E8F1C8 /* GoogleList.csv */; };
		98D450472A344077004274AA /* NotificationManager.swift in Sources */ = {isa = PBXBuildFile; fileRef = 98D450462A344077004274AA /* NotificationManager.swift */; };
		98DAED342A2DF524002D7743 /* Recipients.swift in Sources */ = {isa = PBXBuildFile; fileRef = 98DAED332A2DF524002D7743 /* Recipients.swift */; };
		98F47E5D2A26CA5200842FA8 /* String.swift in Sources */ = {isa = PBXBuildFile; fileRef = 98F47E5C2A26CA5200842FA8 /* String.swift */; };
/* End PBXBuildFile section */

/* Begin PBXFileReference section */
		981B1B402A2574610038929A /* SearchBar.swift */ = {isa = PBXFileReference; lastKnownFileType = sourcecode.swift; path = SearchBar.swift; sourceTree = "<group>"; };
		985675462A30040A008E982F /* LandingTabView.swift */ = {isa = PBXFileReference; fileEncoding = 4; lastKnownFileType = sourcecode.swift; path = LandingTabView.swift; sourceTree = "<group>"; };
		986C250C2A25450E0022E7DB /* AnnouncementApp.app */ = {isa = PBXFileReference; explicitFileType = wrapper.application; includeInIndex = 0; path = AnnouncementApp.app; sourceTree = BUILT_PRODUCTS_DIR; };
		986C250F2A25450E0022E7DB /* AnnouncementAppApp.swift */ = {isa = PBXFileReference; lastKnownFileType = sourcecode.swift; path = AnnouncementAppApp.swift; sourceTree = "<group>"; };
		986C25112A25450E0022E7DB /* ContentView.swift */ = {isa = PBXFileReference; lastKnownFileType = sourcecode.swift; path = ContentView.swift; sourceTree = "<group>"; };
		986C25132A2545110022E7DB /* Assets.xcassets */ = {isa = PBXFileReference; lastKnownFileType = folder.assetcatalog; path = Assets.xcassets; sourceTree = "<group>"; };
		986C25162A2545110022E7DB /* Preview Assets.xcassets */ = {isa = PBXFileReference; lastKnownFileType = folder.assetcatalog; path = "Preview Assets.xcassets"; sourceTree = "<group>"; };
		986C251B2A2545110022E7DB /* IA3V2.xcdatamodel */ = {isa = PBXFileReference; lastKnownFileType = wrapper.xcdatamodel; path = IA3V2.xcdatamodel; sourceTree = "<group>"; };
		986C25222A2545EB0022E7DB /* SignInEmailView.swift */ = {isa = PBXFileReference; lastKnownFileType = sourcecode.swift; path = SignInEmailView.swift; sourceTree = "<group>"; };
		986C25242A25460A0022E7DB /* SettingsView.swift */ = {isa = PBXFileReference; lastKnownFileType = sourcecode.swift; path = SettingsView.swift; sourceTree = "<group>"; };
		986C25262A2546840022E7DB /* MessagesListView.swift */ = {isa = PBXFileReference; lastKnownFileType = sourcecode.swift; path = MessagesListView.swift; sourceTree = "<group>"; };
		986C252A2A2546DC0022E7DB /* CreateMessageView.swift */ = {isa = PBXFileReference; lastKnownFileType = sourcecode.swift; path = CreateMessageView.swift; sourceTree = "<group>"; };
		986C252C2A2546F70022E7DB /* UserManager.swift */ = {isa = PBXFileReference; lastKnownFileType = sourcecode.swift; path = UserManager.swift; sourceTree = "<group>"; };
		986C252E2A25470F0022E7DB /* MessageManager.swift */ = {isa = PBXFileReference; lastKnownFileType = sourcecode.swift; path = MessageManager.swift; sourceTree = "<group>"; };
		986C25302A2547280022E7DB /* AuthenticationManager.swift */ = {isa = PBXFileReference; lastKnownFileType = sourcecode.swift; path = AuthenticationManager.swift; sourceTree = "<group>"; };
		986C25322A25473D0022E7DB /* Colour.swift */ = {isa = PBXFileReference; lastKnownFileType = sourcecode.swift; path = Colour.swift; sourceTree = "<group>"; };
		988151FF2A284CAE00428231 /* Info.plist */ = {isa = PBXFileReference; lastKnownFileType = text.plist; path = Info.plist; sourceTree = "<group>"; };
		98C232D92A46952E0086A665 /* Persistence.swift */ = {isa = PBXFileReference; fileEncoding = 4; lastKnownFileType = sourcecode.swift; path = Persistence.swift; sourceTree = "<group>"; };
		98CF55762A35545E00E8F1C8 /* ProfanityManager.swift */ = {isa = PBXFileReference; lastKnownFileType = sourcecode.swift; path = ProfanityManager.swift; sourceTree = "<group>"; };
		98CF55782A356B3300E8F1C8 /* GoogleList.csv */ = {isa = PBXFileReference; fileEncoding = 4; lastKnownFileType = text; path = GoogleList.csv; sourceTree = "<group>"; };
		98D450462A344077004274AA /* NotificationManager.swift */ = {isa = PBXFileReference; lastKnownFileType = sourcecode.swift; path = NotificationManager.swift; sourceTree = "<group>"; };
		98DAED332A2DF524002D7743 /* Recipients.swift */ = {isa = PBXFileReference; lastKnownFileType = sourcecode.swift; path = Recipients.swift; sourceTree = "<group>"; };
		98F47E5C2A26CA5200842FA8 /* String.swift */ = {isa = PBXFileReference; lastKnownFileType = sourcecode.swift; path = String.swift; sourceTree = "<group>"; };
/* End PBXFileReference section */

/* Begin PBXFrameworksBuildPhase section */
		986C25092A25450E0022E7DB /* Frameworks */ = {
			isa = PBXFrameworksBuildPhase;
			buildActionMask = 2147483647;
			files = (
				986C25402A2549390022E7DB /* FirebaseFirestoreSwift in Frameworks */,
				986C253C2A2549390022E7DB /* FirebaseDatabaseSwift in Frameworks */,
				986C253E2A2549390022E7DB /* FirebaseFirestore in Frameworks */,
				986C253A2A2549390022E7DB /* FirebaseDatabase in Frameworks */,
				986C25382A2549390022E7DB /* FirebaseAuth in Frameworks */,
			);
			runOnlyForDeploymentPostprocessing = 0;
		};
/* End PBXFrameworksBuildPhase section */

/* Begin PBXGroup section */
		986C25032A25450E0022E7DB = {
			isa = PBXGroup;
			children = (
				986C250E2A25450E0022E7DB /* AnnouncementApp */,
				986C250D2A25450E0022E7DB /* Products */,
			);
			sourceTree = "<group>";
		};
		986C250D2A25450E0022E7DB /* Products */ = {
			isa = PBXGroup;
			children = (
				986C250C2A25450E0022E7DB /* AnnouncementApp.app */,
			);
			name = Products;
			sourceTree = "<group>";
		};
		986C250E2A25450E0022E7DB /* AnnouncementApp */ = {
			isa = PBXGroup;
			children = (
				988151FF2A284CAE00428231 /* Info.plist */,
				98F47E5B2A26BB6600842FA8 /* Extensions */,
				98F47E5A2A26BB4200842FA8 /* View */,
				98F47E592A26BB0600842FA8 /* Model */,
				986C250F2A25450E0022E7DB /* AnnouncementAppApp.swift */,
				98C232D92A46952E0086A665 /* Persistence.swift */,
				98CF55782A356B3300E8F1C8 /* GoogleList.csv */,
				986C25132A2545110022E7DB /* Assets.xcassets */,
				986C251A2A2545110022E7DB /* AnnouncementApp.xcdatamodeld */,
				986C25152A2545110022E7DB /* Preview Content */,
			);
			path = AnnouncementApp;
			sourceTree = "<group>";
		};
		986C25152A2545110022E7DB /* Preview Content */ = {
			isa = PBXGroup;
			children = (
				986C25162A2545110022E7DB /* Preview Assets.xcassets */,
			);
			path = "Preview Content";
			sourceTree = "<group>";
		};
		98F47E592A26BB0600842FA8 /* Model */ = {
			isa = PBXGroup;
			children = (
				986C25302A2547280022E7DB /* AuthenticationManager.swift */,
				98D450462A344077004274AA /* NotificationManager.swift */,
				98CF55762A35545E00E8F1C8 /* ProfanityManager.swift */,
				986C252E2A25470F0022E7DB /* MessageManager.swift */,
				986C252C2A2546F70022E7DB /* UserManager.swift */,
			);
			path = Model;
			sourceTree = "<group>";
		};
		98F47E5A2A26BB4200842FA8 /* View */ = {
			isa = PBXGroup;
			children = (
				981B1B402A2574610038929A /* SearchBar.swift */,
				986C252A2A2546DC0022E7DB /* CreateMessageView.swift */,
				986C25262A2546840022E7DB /* MessagesListView.swift */,
				985675462A30040A008E982F /* LandingTabView.swift */,
				986C25242A25460A0022E7DB /* SettingsView.swift */,
				986C25222A2545EB0022E7DB /* SignInEmailView.swift */,
				986C25112A25450E0022E7DB /* ContentView.swift */,
			);
			path = View;
			sourceTree = "<group>";
		};
		98F47E5B2A26BB6600842FA8 /* Extensions */ = {
			isa = PBXGroup;
			children = (
				986C25322A25473D0022E7DB /* Colour.swift */,
				98F47E5C2A26CA5200842FA8 /* String.swift */,
				98DAED332A2DF524002D7743 /* Recipients.swift */,
			);
			path = Extensions;
			sourceTree = "<group>";
		};
/* End PBXGroup section */

/* Begin PBXNativeTarget section */
		986C250B2A25450E0022E7DB /* AnnouncementApp */ = {
			isa = PBXNativeTarget;
			buildConfigurationList = 986C251F2A2545110022E7DB /* Build configuration list for PBXNativeTarget "AnnouncementApp" */;
			buildPhases = (
				986C25082A25450E0022E7DB /* Sources */,
				986C25092A25450E0022E7DB /* Frameworks */,
				986C250A2A25450E0022E7DB /* Resources */,
			);
			buildRules = (
			);
			dependencies = (
			);
			name = AnnouncementApp;
			packageProductDependencies = (
				986C25372A2549390022E7DB /* FirebaseAuth */,
				986C25392A2549390022E7DB /* FirebaseDatabase */,
				986C253B2A2549390022E7DB /* FirebaseDatabaseSwift */,
				986C253D2A2549390022E7DB /* FirebaseFirestore */,
				986C253F2A2549390022E7DB /* FirebaseFirestoreSwift */,
			);
			productName = IA3V2;
			productReference = 986C250C2A25450E0022E7DB /* AnnouncementApp.app */;
			productType = "com.apple.product-type.application";
		};
/* End PBXNativeTarget section */

/* Begin PBXProject section */
		986C25042A25450E0022E7DB /* Project object */ = {
			isa = PBXProject;
			attributes = {
				BuildIndependentTargetsInParallel = 1;
				LastSwiftUpdateCheck = 1430;
				LastUpgradeCheck = 1430;
				TargetAttributes = {
					986C250B2A25450E0022E7DB = {
						CreatedOnToolsVersion = 14.3;
					};
				};
			};
			buildConfigurationList = 986C25072A25450E0022E7DB /* Build configuration list for PBXProject "AnnouncementApp" */;
			compatibilityVersion = "Xcode 14.0";
			developmentRegion = en;
			hasScannedForEncodings = 0;
			knownRegions = (
				en,
				Base,
			);
			mainGroup = 986C25032A25450E0022E7DB;
			packageReferences = (
				986C25362A2549390022E7DB /* XCRemoteSwiftPackageReference "firebase-ios-sdk" */,
			);
			productRefGroup = 986C250D2A25450E0022E7DB /* Products */;
			projectDirPath = "";
			projectRoot = "";
			targets = (
				986C250B2A25450E0022E7DB /* AnnouncementApp */,
			);
		};
/* End PBXProject section */

/* Begin PBXResourcesBuildPhase section */
		986C250A2A25450E0022E7DB /* Resources */ = {
			isa = PBXResourcesBuildPhase;
			buildActionMask = 2147483647;
			files = (
				986C25172A2545110022E7DB /* Preview Assets.xcassets in Resources */,
				98CF55792A356B3300E8F1C8 /* GoogleList.csv in Resources */,
				986C25142A2545110022E7DB /* Assets.xcassets in Resources */,
			);
			runOnlyForDeploymentPostprocessing = 0;
		};
/* End PBXResourcesBuildPhase section */

/* Begin PBXSourcesBuildPhase section */
		986C25082A25450E0022E7DB /* Sources */ = {
			isa = PBXSourcesBuildPhase;
			buildActionMask = 2147483647;
			files = (
				98D450472A344077004274AA /* NotificationManager.swift in Sources */,
				986C25122A25450E0022E7DB /* ContentView.swift in Sources */,
				986C25272A2546840022E7DB /* MessagesListView.swift in Sources */,
				986C25102A25450E0022E7DB /* AnnouncementAppApp.swift in Sources */,
				986C252B2A2546DC0022E7DB /* CreateMessageView.swift in Sources */,
				986C25252A25460A0022E7DB /* SettingsView.swift in Sources */,
				986C25332A25473D0022E7DB /* Colour.swift in Sources */,
				986C251C2A2545110022E7DB /* AnnouncementApp.xcdatamodeld in Sources */,
				981B1B412A2574610038929A /* SearchBar.swift in Sources */,
				98C232DA2A46952E0086A665 /* Persistence.swift in Sources */,
				986C252D2A2546F70022E7DB /* UserManager.swift in Sources */,
				986C25312A2547280022E7DB /* AuthenticationManager.swift in Sources */,
				98F47E5D2A26CA5200842FA8 /* String.swift in Sources */,
				98DAED342A2DF524002D7743 /* Recipients.swift in Sources */,
				986C25232A2545EB0022E7DB /* SignInEmailView.swift in Sources */,
				985675472A30040A008E982F /* LandingTabView.swift in Sources */,
				98CF55772A35545E00E8F1C8 /* ProfanityManager.swift in Sources */,
				986C252F2A25470F0022E7DB /* MessageManager.swift in Sources */,
			);
			runOnlyForDeploymentPostprocessing = 0;
		};
/* End PBXSourcesBuildPhase section */

/* Begin XCBuildConfiguration section */
		986C251D2A2545110022E7DB /* Debug */ = {
			isa = XCBuildConfiguration;
			buildSettings = {
				ALWAYS_SEARCH_USER_PATHS = NO;
				CLANG_ANALYZER_NONNULL = YES;
				CLANG_ANALYZER_NUMBER_OBJECT_CONVERSION = YES_AGGRESSIVE;
				CLANG_CXX_LANGUAGE_STANDARD = "gnu++20";
				CLANG_ENABLE_MODULES = YES;
				CLANG_ENABLE_OBJC_ARC = YES;
				CLANG_ENABLE_OBJC_WEAK = YES;
				CLANG_WARN_BLOCK_CAPTURE_AUTORELEASING = YES;
				CLANG_WARN_BOOL_CONVERSION = YES;
				CLANG_WARN_COMMA = YES;
				CLANG_WARN_CONSTANT_CONVERSION = YES;
				CLANG_WARN_DEPRECATED_OBJC_IMPLEMENTATIONS = YES;
				CLANG_WARN_DIRECT_OBJC_ISA_USAGE = YES_ERROR;
				CLANG_WARN_DOCUMENTATION_COMMENTS = YES;
				CLANG_WARN_EMPTY_BODY = YES;
				CLANG_WARN_ENUM_CONVERSION = YES;
				CLANG_WARN_INFINITE_RECURSION = YES;
				CLANG_WARN_INT_CONVERSION = YES;
				CLANG_WARN_NON_LITERAL_NULL_CONVERSION = YES;
				CLANG_WARN_OBJC_IMPLICIT_RETAIN_SELF = YES;
				CLANG_WARN_OBJC_LITERAL_CONVERSION = YES;
				CLANG_WARN_OBJC_ROOT_CLASS = YES_ERROR;
				CLANG_WARN_QUOTED_INCLUDE_IN_FRAMEWORK_HEADER = YES;
				CLANG_WARN_RANGE_LOOP_ANALYSIS = YES;
				CLANG_WARN_STRICT_PROTOTYPES = YES;
				CLANG_WARN_SUSPICIOUS_MOVE = YES;
				CLANG_WARN_UNGUARDED_AVAILABILITY = YES_AGGRESSIVE;
				CLANG_WARN_UNREACHABLE_CODE = YES;
				CLANG_WARN__DUPLICATE_METHOD_MATCH = YES;
				COPY_PHASE_STRIP = NO;
				DEBUG_INFORMATION_FORMAT = dwarf;
				ENABLE_STRICT_OBJC_MSGSEND = YES;
				ENABLE_TESTABILITY = YES;
				GCC_C_LANGUAGE_STANDARD = gnu11;
				GCC_DYNAMIC_NO_PIC = NO;
				GCC_NO_COMMON_BLOCKS = YES;
				GCC_OPTIMIZATION_LEVEL = 0;
				GCC_PREPROCESSOR_DEFINITIONS = (
					"DEBUG=1",
					"$(inherited)",
				);
				GCC_WARN_64_TO_32_BIT_CONVERSION = YES;
				GCC_WARN_ABOUT_RETURN_TYPE = YES_ERROR;
				GCC_WARN_UNDECLARED_SELECTOR = YES;
				GCC_WARN_UNINITIALIZED_AUTOS = YES_AGGRESSIVE;
				GCC_WARN_UNUSED_FUNCTION = YES;
				GCC_WARN_UNUSED_VARIABLE = YES;
				IPHONEOS_DEPLOYMENT_TARGET = 16.3;
				MTL_ENABLE_DEBUG_INFO = INCLUDE_SOURCE;
				MTL_FAST_MATH = YES;
				ONLY_ACTIVE_ARCH = YES;
				SDKROOT = iphoneos;
				SWIFT_ACTIVE_COMPILATION_CONDITIONS = DEBUG;
				SWIFT_OPTIMIZATION_LEVEL = "-Onone";
			};
			name = Debug;
		};
		986C251E2A2545110022E7DB /* Release */ = {
			isa = XCBuildConfiguration;
			buildSettings = {
				ALWAYS_SEARCH_USER_PATHS = NO;
				CLANG_ANALYZER_NONNULL = YES;
				CLANG_ANALYZER_NUMBER_OBJECT_CONVERSION = YES_AGGRESSIVE;
				CLANG_CXX_LANGUAGE_STANDARD = "gnu++20";
				CLANG_ENABLE_MODULES = YES;
				CLANG_ENABLE_OBJC_ARC = YES;
				CLANG_ENABLE_OBJC_WEAK = YES;
				CLANG_WARN_BLOCK_CAPTURE_AUTORELEASING = YES;
				CLANG_WARN_BOOL_CONVERSION = YES;
				CLANG_WARN_COMMA = YES;
				CLANG_WARN_CONSTANT_CONVERSION = YES;
				CLANG_WARN_DEPRECATED_OBJC_IMPLEMENTATIONS = YES;
				CLANG_WARN_DIRECT_OBJC_ISA_USAGE = YES_ERROR;
				CLANG_WARN_DOCUMENTATION_COMMENTS = YES;
				CLANG_WARN_EMPTY_BODY = YES;
				CLANG_WARN_ENUM_CONVERSION = YES;
				CLANG_WARN_INFINITE_RECURSION = YES;
				CLANG_WARN_INT_CONVERSION = YES;
				CLANG_WARN_NON_LITERAL_NULL_CONVERSION = YES;
				CLANG_WARN_OBJC_IMPLICIT_RETAIN_SELF = YES;
				CLANG_WARN_OBJC_LITERAL_CONVERSION = YES;
				CLANG_WARN_OBJC_ROOT_CLASS = YES_ERROR;
				CLANG_WARN_QUOTED_INCLUDE_IN_FRAMEWORK_HEADER = YES;
				CLANG_WARN_RANGE_LOOP_ANALYSIS = YES;
				CLANG_WARN_STRICT_PROTOTYPES = YES;
				CLANG_WARN_SUSPICIOUS_MOVE = YES;
				CLANG_WARN_UNGUARDED_AVAILABILITY = YES_AGGRESSIVE;
				CLANG_WARN_UNREACHABLE_CODE = YES;
				CLANG_WARN__DUPLICATE_METHOD_MATCH = YES;
				COPY_PHASE_STRIP = NO;
				DEBUG_INFORMATION_FORMAT = "dwarf-with-dsym";
				ENABLE_NS_ASSERTIONS = NO;
				ENABLE_STRICT_OBJC_MSGSEND = YES;
				GCC_C_LANGUAGE_STANDARD = gnu11;
				GCC_NO_COMMON_BLOCKS = YES;
				GCC_WARN_64_TO_32_BIT_CONVERSION = YES;
				GCC_WARN_ABOUT_RETURN_TYPE = YES_ERROR;
				GCC_WARN_UNDECLARED_SELECTOR = YES;
				GCC_WARN_UNINITIALIZED_AUTOS = YES_AGGRESSIVE;
				GCC_WARN_UNUSED_FUNCTION = YES;
				GCC_WARN_UNUSED_VARIABLE = YES;
				IPHONEOS_DEPLOYMENT_TARGET = 16.3;
				MTL_ENABLE_DEBUG_INFO = NO;
				MTL_FAST_MATH = YES;
				SDKROOT = iphoneos;
				SWIFT_COMPILATION_MODE = wholemodule;
				SWIFT_OPTIMIZATION_LEVEL = "-O";
				VALIDATE_PRODUCT = YES;
			};
			name = Release;
		};
		986C25202A2545110022E7DB /* Debug */ = {
			isa = XCBuildConfiguration;
			buildSettings = {
				ASSETCATALOG_COMPILER_APPICON_NAME = AppIcon;
				ASSETCATALOG_COMPILER_GLOBAL_ACCENT_COLOR_NAME = AccentColor;
				CODE_SIGN_ENTITLEMENTS = AnnouncementApp/AnnouncementApp.entitlements;
				CODE_SIGN_IDENTITY = "Apple Development";
				CODE_SIGN_STYLE = Automatic;
				CURRENT_PROJECT_VERSION = 1;
				DEVELOPMENT_ASSET_PATHS = "\"IA3V2/Preview Content\"";
				DEVELOPMENT_TEAM = A8U236DTN9;
				ENABLE_PREVIEWS = YES;
				GENERATE_INFOPLIST_FILE = YES;
				INFOPLIST_FILE = AnnouncementApp/Info.plist;
				INFOPLIST_KEY_UIApplicationSceneManifest_Generation = YES;
				INFOPLIST_KEY_UIApplicationSupportsIndirectInputEvents = YES;
				INFOPLIST_KEY_UILaunchScreen_Generation = YES;
				INFOPLIST_KEY_UISupportedInterfaceOrientations = "UIInterfaceOrientationLandscapeLeft UIInterfaceOrientationLandscapeRight UIInterfaceOrientationPortrait";
				INFOPLIST_KEY_UISupportedInterfaceOrientations_iPad = "UIInterfaceOrientationLandscapeLeft UIInterfaceOrientationLandscapeRight";
				LD_RUNPATH_SEARCH_PATHS = (
					"$(inherited)",
					"@executable_path/Frameworks",
				);
				MARKETING_VERSION = 1.0;
				OTHER_LIBTOOLFLAGS = "";
				PRODUCT_BUNDLE_IDENTIFIER = BI;
				PRODUCT_NAME = "$(TARGET_NAME)";
				PROVISIONING_PROFILE_SPECIFIER = "";
				SUPPORTED_PLATFORMS = "iphoneos iphonesimulator";
				SUPPORTS_MACCATALYST = NO;
				SUPPORTS_MAC_DESIGNED_FOR_IPHONE_IPAD = NO;
				SWIFT_EMIT_LOC_STRINGS = YES;
				SWIFT_VERSION = 5.0;
				TARGETED_DEVICE_FAMILY = "1,2";
			};
			name = Debug;
		};
		986C25212A2545110022E7DB /* Release */ = {
			isa = XCBuildConfiguration;
			buildSettings = {
				ASSETCATALOG_COMPILER_APPICON_NAME = AppIcon;
				ASSETCATALOG_COMPILER_GLOBAL_ACCENT_COLOR_NAME = AccentColor;
				CODE_SIGN_ENTITLEMENTS = AnnouncementApp/AnnouncementApp.entitlements;
				CODE_SIGN_STYLE = Automatic;
				CURRENT_PROJECT_VERSION = 1;
				DEVELOPMENT_ASSET_PATHS = "\"IA3V2/Preview Content\"";
				DEVELOPMENT_TEAM = A8U236DTN9;
				ENABLE_PREVIEWS = YES;
				GENERATE_INFOPLIST_FILE = YES;
				INFOPLIST_FILE = AnnouncementApp/Info.plist;
				INFOPLIST_KEY_UIApplicationSceneManifest_Generation = YES;
				INFOPLIST_KEY_UIApplicationSupportsIndirectInputEvents = YES;
				INFOPLIST_KEY_UILaunchScreen_Generation = YES;
				INFOPLIST_KEY_UISupportedInterfaceOrientations = "UIInterfaceOrientationLandscapeLeft UIInterfaceOrientationLandscapeRight UIInterfaceOrientationPortrait";
				INFOPLIST_KEY_UISupportedInterfaceOrientations_iPad = "UIInterfaceOrientationLandscapeLeft UIInterfaceOrientationLandscapeRight";
				LD_RUNPATH_SEARCH_PATHS = (
					"$(inherited)",
					"@executable_path/Frameworks",
				);
				MARKETING_VERSION = 1.0;
				OTHER_LIBTOOLFLAGS = "";
				PRODUCT_BUNDLE_IDENTIFIER = BI;
				PRODUCT_NAME = "$(TARGET_NAME)";
				SUPPORTED_PLATFORMS = "iphoneos iphonesimulator";
				SUPPORTS_MACCATALYST = NO;
				SUPPORTS_MAC_DESIGNED_FOR_IPHONE_IPAD = NO;
				SWIFT_EMIT_LOC_STRINGS = YES;
				SWIFT_VERSION = 5.0;
				TARGETED_DEVICE_FAMILY = "1,2";
			};
			name = Release;
		};
/* End XCBuildConfiguration section */

/* Begin XCConfigurationList section */
		986C25072A25450E0022E7DB /* Build configuration list for PBXProject "AnnouncementApp" */ = {
			isa = XCConfigurationList;
			buildConfigurations = (
				986C251D2A2545110022E7DB /* Debug */,
				986C251E2A2545110022E7DB /* Release */,
			);
			defaultConfigurationIsVisible = 0;
			defaultConfigurationName = Release;
		};
		986C251F2A2545110022E7DB /* Build configuration list for PBXNativeTarget "AnnouncementApp" */ = {
			isa = XCConfigurationList;
			buildConfigurations = (
				986C25202A2545110022E7DB /* Debug */,
				986C25212A2545110022E7DB /* Release */,
			);
			defaultConfigurationIsVisible = 0;
			defaultConfigurationName = Release;
		};
/* End XCConfigurationList section */

/* Begin XCRemoteSwiftPackageReference section */
		986C25362A2549390022E7DB /* XCRemoteSwiftPackageReference "firebase-ios-sdk" */ = {
			isa = XCRemoteSwiftPackageReference;
			repositoryURL = "https://github.com/firebase/firebase-ios-sdk";
			requirement = {
				kind = upToNextMajorVersion;
				minimumVersion = 10.0.0;
			};
		};
/* End XCRemoteSwiftPackageReference section */

/* Begin XCSwiftPackageProductDependency section */
		986C25372A2549390022E7DB /* FirebaseAuth */ = {
			isa = XCSwiftPackageProductDependency;
			package = 986C25362A2549390022E7DB /* XCRemoteSwiftPackageReference "firebase-ios-sdk" */;
			productName = FirebaseAuth;
		};
		986C25392A2549390022E7DB /* FirebaseDatabase */ = {
			isa = XCSwiftPackageProductDependency;
			package = 986C25362A2549390022E7DB /* XCRemoteSwiftPackageReference "firebase-ios-sdk" */;
			productName = FirebaseDatabase;
		};
		986C253B2A2549390022E7DB /* FirebaseDatabaseSwift */ = {
			isa = XCSwiftPackageProductDependency;
			package = 986C25362A2549390022E7DB /* XCRemoteSwiftPackageReference "firebase-ios-sdk" */;
			productName = FirebaseDatabaseSwift;
		};
		986C253D2A2549390022E7DB /* FirebaseFirestore */ = {
			isa = XCSwiftPackageProductDependency;
			package = 986C25362A2549390022E7DB /* XCRemoteSwiftPackageReference "firebase-ios-sdk" */;
			productName = FirebaseFirestore;
		};
		986C253F2A2549390022E7DB /* FirebaseFirestoreSwift */ = {
			isa = XCSwiftPackageProductDependency;
			package = 986C25362A2549390022E7DB /* XCRemoteSwiftPackageReference "firebase-ios-sdk" */;
			productName = FirebaseFirestoreSwift;
		};
/* End XCSwiftPackageProductDependency section */

/* Begin XCVersionGroup section */
		986C251A2A2545110022E7DB /* AnnouncementApp.xcdatamodeld */ = {
			isa = XCVersionGroup;
			children = (
				986C251B2A2545110022E7DB /* IA3V2.xcdatamodel */,
			);
			currentVersion = 986C251B2A2545110022E7DB /* IA3V2.xcdatamodel */;
			path = AnnouncementApp.xcdatamodeld;
			sourceTree = "<group>";
			versionGroupType = wrapper.xcdatamodel;
		};
/* End XCVersionGroup section */
	};
	rootObject = 986C25042A25450E0022E7DB /* Project object */;
}
